
Microsoft Visual Studio Solution File, Format Version 12.00
# Visual Studio 2012
Project("{FAE04EC0-301F-11D3-BF4B-00C04F79EFBC}") = "WindowsFormsTestClient", "WindowsFormsTestClient\WindowsFormsTestClient.csproj", "{D029BD07-D488-4B5C-B1A6-19FAE7908909}"
EndProject
Project("{FAE04EC0-301F-11D3-BF4B-00C04F79EFBC}") = "GPExtractor", "Extractor\GPExtractor.csproj", "{1DFBC20E-CEA9-4831-A923-4C651BC63E0F}"
EndProject
Project("{FAE04EC0-301F-11D3-BF4B-00C04F79EFBC}") = "ImageRenderer", "ImageRenderer\ImageRenderer.csproj", "{CF569618-3B66-48C0-B040-29BD57203C69}"
EndProject
Project("{FAE04EC0-301F-11D3-BF4B-00C04F79EFBC}") = "Types", "Types\Types.csproj", "{A1778EDF-7B59-41C6-A961-A00F09356C44}"
EndProject
Project("{FAE04EC0-301F-11D3-BF4B-00C04F79EFBC}") = "UnitTests", "UnitTests\UnitTests.csproj", "{F095E5DE-E3CE-4A03-BFA3-D23AC00A6E37}"
EndProject
Project("{FAE04EC0-301F-11D3-BF4B-00C04F79EFBC}") = "ConsoleBatchConverter", "ConsoleBatchConverter\ConsoleBatchConverter.csproj", "{4B8544D8-120C-4581-873A-E5108C09435F}"
EndProject
Project("{FAE04EC0-301F-11D3-BF4B-00C04F79EFBC}") = "Shared", "Shared\Shared.csproj", "{E26F6FCD-2644-4997-B86C-E3A396FB8026}"
EndProject
Global
	GlobalSection(SolutionConfigurationPlatforms) = preSolution
		Debug|Any CPU = Debug|Any CPU
		Release|Any CPU = Release|Any CPU
	EndGlobalSection
	GlobalSection(ProjectConfigurationPlatforms) = postSolution
		{D029BD07-D488-4B5C-B1A6-19FAE7908909}.Debug|Any CPU.ActiveCfg = Debug|Any CPU
		{D029BD07-D488-4B5C-B1A6-19FAE7908909}.Debug|Any CPU.Build.0 = Debug|Any CPU
		{D029BD07-D488-4B5C-B1A6-19FAE7908909}.Release|Any CPU.ActiveCfg = Release|Any CPU
		{D029BD07-D488-4B5C-B1A6-19FAE7908909}.Release|Any CPU.Build.0 = Release|Any CPU
		{1DFBC20E-CEA9-4831-A923-4C651BC63E0F}.Debug|Any CPU.ActiveCfg = Debug|Any CPU
		{1DFBC20E-CEA9-4831-A923-4C651BC63E0F}.Debug|Any CPU.Build.0 = Debug|Any CPU
		{1DFBC20E-CEA9-4831-A923-4C651BC63E0F}.Release|Any CPU.ActiveCfg = Release|Any CPU
		{1DFBC20E-CEA9-4831-A923-4C651BC63E0F}.Release|Any CPU.Build.0 = Release|Any CPU
		{CF569618-3B66-48C0-B040-29BD57203C69}.Debug|Any CPU.ActiveCfg = Debug|Any CPU
		{CF569618-3B66-48C0-B040-29BD57203C69}.Debug|Any CPU.Build.0 = Debug|Any CPU
		{CF569618-3B66-48C0-B040-29BD57203C69}.Release|Any CPU.ActiveCfg = Release|Any CPU
		{CF569618-3B66-48C0-B040-29BD57203C69}.Release|Any CPU.Build.0 = Release|Any CPU
		{A1778EDF-7B59-41C6-A961-A00F09356C44}.Debug|Any CPU.ActiveCfg = Debug|Any CPU
		{A1778EDF-7B59-41C6-A961-A00F09356C44}.Debug|Any CPU.Build.0 = Debug|Any CPU
		{A1778EDF-7B59-41C6-A961-A00F09356C44}.Release|Any CPU.ActiveCfg = Release|Any CPU
		{A1778EDF-7B59-41C6-A961-A00F09356C44}.Release|Any CPU.Build.0 = Release|Any CPU
		{F095E5DE-E3CE-4A03-BFA3-D23AC00A6E37}.Debug|Any CPU.ActiveCfg = Debug|Any CPU
		{F095E5DE-E3CE-4A03-BFA3-D23AC00A6E37}.Debug|Any CPU.Build.0 = Debug|Any CPU
		{F095E5DE-E3CE-4A03-BFA3-D23AC00A6E37}.Release|Any CPU.ActiveCfg = Release|Any CPU
		{F095E5DE-E3CE-4A03-BFA3-D23AC00A6E37}.Release|Any CPU.Build.0 = Release|Any CPU
		{4B8544D8-120C-4581-873A-E5108C09435F}.Debug|Any CPU.ActiveCfg = Debug|Any CPU
		{4B8544D8-120C-4581-873A-E5108C09435F}.Debug|Any CPU.Build.0 = Debug|Any CPU
		{4B8544D8-120C-4581-873A-E5108C09435F}.Release|Any CPU.ActiveCfg = Release|Any CPU
		{4B8544D8-120C-4581-873A-E5108C09435F}.Release|Any CPU.Build.0 = Release|Any CPU
		{E26F6FCD-2644-4997-B86C-E3A396FB8026}.Debug|Any CPU.ActiveCfg = Debug|Any CPU
		{E26F6FCD-2644-4997-B86C-E3A396FB8026}.Debug|Any CPU.Build.0 = Debug|Any CPU
		{E26F6FCD-2644-4997-B86C-E3A396FB8026}.Release|Any CPU.ActiveCfg = Release|Any CPU
		{E26F6FCD-2644-4997-B86C-E3A396FB8026}.Release|Any CPU.Build.0 = Release|Any CPU
	EndGlobalSection
	GlobalSection(SolutionProperties) = preSolution
		HideSolutionNode = FALSE
	EndGlobalSection
EndGlobal
